
Microsoft Visual Studio Solution File, Format Version 12.00
# Visual Studio Version 17
VisualStudioVersion = 17.3.32929.385
MinimumVisualStudioVersion = 10.0.40219.1
Project("{9A19103F-16F7-4668-BE54-9A1E7A4F7556}") = "04. Password Guess", "04. Password Guess\04. Password Guess.csproj", "{A976A826-606F-4C7E-BA99-025C7DCBE015}"
EndProject
Project("{FAE04EC0-301F-11D3-BF4B-00C04F79EFBC}") = "Password Guess1", "Password Guess1\Password Guess1.csproj", "{A1B876AD-ECF4-45A2-AC02-095C9F74AC6F}"
EndProject
Global
	GlobalSection(SolutionConfigurationPlatforms) = preSolution
		Debug|Any CPU = Debug|Any CPU
		Release|Any CPU = Release|Any CPU
	EndGlobalSection
	GlobalSection(ProjectConfigurationPlatforms) = postSolution
		{A976A826-606F-4C7E-BA99-025C7DCBE015}.Debug|Any CPU.ActiveCfg = Debug|Any CPU
		{A976A826-606F-4C7E-BA99-025C7DCBE015}.Debug|Any CPU.Build.0 = Debug|Any CPU
		{A976A826-606F-4C7E-BA99-025C7DCBE015}.Release|Any CPU.ActiveCfg = Release|Any CPU
		{A976A826-606F-4C7E-BA99-025C7DCBE015}.Release|Any CPU.Build.0 = Release|Any CPU
		{A1B876AD-ECF4-45A2-AC02-095C9F74AC6F}.Debug|Any CPU.ActiveCfg = Debug|Any CPU
		{A1B876AD-ECF4-45A2-AC02-095C9F74AC6F}.Debug|Any CPU.Build.0 = Debug|Any CPU
		{A1B876AD-ECF4-45A2-AC02-095C9F74AC6F}.Release|Any CPU.ActiveCfg = Release|Any CPU
		{A1B876AD-ECF4-45A2-AC02-095C9F74AC6F}.Release|Any CPU.Build.0 = Release|Any CPU
	EndGlobalSection
	GlobalSection(SolutionProperties) = preSolution
		HideSolutionNode = FALSE
	EndGlobalSection
	GlobalSection(ExtensibilityGlobals) = postSolution
		SolutionGuid = {3CC91827-3F2F-487C-9332-B3D6981462ED}
	EndGlobalSection
EndGlobal
